{
  "name": "venoxv_client",
  "version": "1.0.0",
  "lockfileVersion": 1,
  "requires": true,
  "dependencies": {
    "@altv/native-types": {
      "version": "1.0.3",
      "resolved": "https://registry.npmjs.org/@altv/native-types/-/native-types-1.0.3.tgz",
      "integrity": "sha512-ndOfwcqnVgmCf1wDZIbQp+vobPX7lpL7NTvjoJAD7f+2z52LbSOjDfyHjkzo8iDyWaK0rKXeroyJcvLGOnG2nA==",
      "dev": true
    },
    "@altv/types": {
      "version": "1.0.10",
      "resolved": "https://registry.npmjs.org/@altv/types/-/types-1.0.10.tgz",
      "integrity": "sha512-xxuzUgPoxjvpg/6MJJjGGBzqLx6QPNjUdzR2W4s0LlNh1/8Z4L8QMD7+B/XIUiS+abywMMU1V0d+cZY55I6lhA==",
      "dev": true
    }
  }
}
